
Microsoft Visual Studio Solution File, Format Version 12.00
# Visual Studio Version 17
VisualStudioVersion = 17.9.34701.34
MinimumVisualStudioVersion = 10.0.40219.1
Project("{FAE04EC0-301F-11D3-BF4B-00C04F79EFBC}") = "Assignment1(admin)", "Assignment1(admin).csproj", "{D879D15A-2C59-4BD3-9ED9-FACFA70245F8}"
EndProject
Global
	GlobalSection(SolutionConfigurationPlatforms) = preSolution
		Debug|Any CPU = Debug|Any CPU
		Release|Any CPU = Release|Any CPU
	EndGlobalSection
	GlobalSection(ProjectConfigurationPlatforms) = postSolution
		{D879D15A-2C59-4BD3-9ED9-FACFA70245F8}.Debug|Any CPU.ActiveCfg = Debug|Any CPU
		{D879D15A-2C59-4BD3-9ED9-FACFA70245F8}.Debug|Any CPU.Build.0 = Debug|Any CPU
		{D879D15A-2C59-4BD3-9ED9-FACFA70245F8}.Release|Any CPU.ActiveCfg = Release|Any CPU
		{D879D15A-2C59-4BD3-9ED9-FACFA70245F8}.Release|Any CPU.Build.0 = Release|Any CPU
	EndGlobalSection
	GlobalSection(SolutionProperties) = preSolution
		HideSolutionNode = FALSE
	EndGlobalSection
	GlobalSection(ExtensibilityGlobals) = postSolution
		SolutionGuid = {04F4754B-1954-4B30-A444-1FF3AC4CB2C2}
	EndGlobalSection
EndGlobal
